
Microsoft Visual Studio Solution File, Format Version 12.00
# Visual Studio Version 17
VisualStudioVersion = 17.7.34003.232
MinimumVisualStudioVersion = 10.0.40219.1
Project("{FAE04EC0-301F-11D3-BF4B-00C04F79EFBC}") = "SingleResposibilityPrinciple", "SingleResposibilityPrinciple\SingleResposibilityPrinciple.csproj", "{0C33ED0C-CEB9-4145-AFBF-D75B611FF9CB}"
EndProject
Project("{FAE04EC0-301F-11D3-BF4B-00C04F79EFBC}") = "InterfaceSeggregation", "InterfaceSeggregation\InterfaceSeggregation.csproj", "{B4A04B45-C1FA-44D0-B714-E4105FEF83D4}"
EndProject
Project("{FAE04EC0-301F-11D3-BF4B-00C04F79EFBC}") = "OpenClosePrinciple", "OpenClosePrinciple\OpenClosePrinciple.csproj", "{67F410C0-41E5-40ED-800F-A980CB26E1F7}"
EndProject
Project("{FAE04EC0-301F-11D3-BF4B-00C04F79EFBC}") = "LiskovPrinciple", "LiskovPrinciple\LiskovPrinciple.csproj", "{68C277C6-D827-4AE1-A122-BE5B9DD4F16F}"
EndProject
Project("{FAE04EC0-301F-11D3-BF4B-00C04F79EFBC}") = "DependencyInjectionPrinciple", "DependencyInjectionPrinciple\DependencyInjectionPrinciple.csproj", "{AACDF41C-5105-445D-A7D2-3AF7CD0D6527}"
EndProject
Global
	GlobalSection(SolutionConfigurationPlatforms) = preSolution
		Debug|Any CPU = Debug|Any CPU
		Release|Any CPU = Release|Any CPU
	EndGlobalSection
	GlobalSection(ProjectConfigurationPlatforms) = postSolution
		{0C33ED0C-CEB9-4145-AFBF-D75B611FF9CB}.Debug|Any CPU.ActiveCfg = Debug|Any CPU
		{0C33ED0C-CEB9-4145-AFBF-D75B611FF9CB}.Debug|Any CPU.Build.0 = Debug|Any CPU
		{0C33ED0C-CEB9-4145-AFBF-D75B611FF9CB}.Release|Any CPU.ActiveCfg = Release|Any CPU
		{0C33ED0C-CEB9-4145-AFBF-D75B611FF9CB}.Release|Any CPU.Build.0 = Release|Any CPU
		{B4A04B45-C1FA-44D0-B714-E4105FEF83D4}.Debug|Any CPU.ActiveCfg = Debug|Any CPU
		{B4A04B45-C1FA-44D0-B714-E4105FEF83D4}.Debug|Any CPU.Build.0 = Debug|Any CPU
		{B4A04B45-C1FA-44D0-B714-E4105FEF83D4}.Release|Any CPU.ActiveCfg = Release|Any CPU
		{B4A04B45-C1FA-44D0-B714-E4105FEF83D4}.Release|Any CPU.Build.0 = Release|Any CPU
		{67F410C0-41E5-40ED-800F-A980CB26E1F7}.Debug|Any CPU.ActiveCfg = Debug|Any CPU
		{67F410C0-41E5-40ED-800F-A980CB26E1F7}.Debug|Any CPU.Build.0 = Debug|Any CPU
		{67F410C0-41E5-40ED-800F-A980CB26E1F7}.Release|Any CPU.ActiveCfg = Release|Any CPU
		{67F410C0-41E5-40ED-800F-A980CB26E1F7}.Release|Any CPU.Build.0 = Release|Any CPU
		{68C277C6-D827-4AE1-A122-BE5B9DD4F16F}.Debug|Any CPU.ActiveCfg = Debug|Any CPU
		{68C277C6-D827-4AE1-A122-BE5B9DD4F16F}.Debug|Any CPU.Build.0 = Debug|Any CPU
		{68C277C6-D827-4AE1-A122-BE5B9DD4F16F}.Release|Any CPU.ActiveCfg = Release|Any CPU
		{68C277C6-D827-4AE1-A122-BE5B9DD4F16F}.Release|Any CPU.Build.0 = Release|Any CPU
		{AACDF41C-5105-445D-A7D2-3AF7CD0D6527}.Debug|Any CPU.ActiveCfg = Debug|Any CPU
		{AACDF41C-5105-445D-A7D2-3AF7CD0D6527}.Debug|Any CPU.Build.0 = Debug|Any CPU
		{AACDF41C-5105-445D-A7D2-3AF7CD0D6527}.Release|Any CPU.ActiveCfg = Release|Any CPU
		{AACDF41C-5105-445D-A7D2-3AF7CD0D6527}.Release|Any CPU.Build.0 = Release|Any CPU
	EndGlobalSection
	GlobalSection(SolutionProperties) = preSolution
		HideSolutionNode = FALSE
	EndGlobalSection
	GlobalSection(ExtensibilityGlobals) = postSolution
		SolutionGuid = {E3A04D36-7335-4A7D-90D5-19089D731251}
	EndGlobalSection
EndGlobal
